
Microsoft Visual Studio Solution File, Format Version 12.00
# Visual Studio 15
VisualStudioVersion = 15.0.27428.2002
MinimumVisualStudioVersion = 10.0.40219.1
Project("{8BC9CEB8-8B4A-11D0-8D11-00A0C91BC942}") = "inverse", "inverse.vcxproj", "{49DE89F5-D9A1-4307-96A9-E41D18010D7C}"
EndProject
Global
	GlobalSection(SolutionConfigurationPlatforms) = preSolution
		Debug|x64 = Debug|x64
		Debug|x86 = Debug|x86
		Release|x64 = Release|x64
		Release|x86 = Release|x86
	EndGlobalSection
	GlobalSection(ProjectConfigurationPlatforms) = postSolution
		{49DE89F5-D9A1-4307-96A9-E41D18010D7C}.Debug|x64.ActiveCfg = Debug|x64
		{49DE89F5-D9A1-4307-96A9-E41D18010D7C}.Debug|x64.Build.0 = Debug|x64
		{49DE89F5-D9A1-4307-96A9-E41D18010D7C}.Debug|x86.ActiveCfg = Debug|Win32
		{49DE89F5-D9A1-4307-96A9-E41D18010D7C}.Debug|x86.Build.0 = Debug|Win32
		{49DE89F5-D9A1-4307-96A9-E41D18010D7C}.Release|x64.ActiveCfg = Release|x64
		{49DE89F5-D9A1-4307-96A9-E41D18010D7C}.Release|x64.Build.0 = Release|x64
		{49DE89F5-D9A1-4307-96A9-E41D18010D7C}.Release|x86.ActiveCfg = Release|Win32
		{49DE89F5-D9A1-4307-96A9-E41D18010D7C}.Release|x86.Build.0 = Release|Win32
	EndGlobalSection
	GlobalSection(SolutionProperties) = preSolution
		HideSolutionNode = FALSE
	EndGlobalSection
	GlobalSection(ExtensibilityGlobals) = postSolution
		SolutionGuid = {0D1D7DD0-D857-4719-A6FC-BF86DEBBB223}
	EndGlobalSection
EndGlobal
