
Microsoft Visual Studio Solution File, Format Version 12.00
# Visual Studio 15
VisualStudioVersion = 15.0.27428.2002
MinimumVisualStudioVersion = 10.0.40219.1
Project("{8BC9CEB8-8B4A-11D0-8D11-00A0C91BC942}") = "brightness", "brightness.vcxproj", "{BFF4D33C-282E-46FF-B0B7-50DFA63CEA62}"
EndProject
Global
	GlobalSection(SolutionConfigurationPlatforms) = preSolution
		Debug|x64 = Debug|x64
		Debug|x86 = Debug|x86
		Release|x64 = Release|x64
		Release|x86 = Release|x86
	EndGlobalSection
	GlobalSection(ProjectConfigurationPlatforms) = postSolution
		{BFF4D33C-282E-46FF-B0B7-50DFA63CEA62}.Debug|x64.ActiveCfg = Debug|x64
		{BFF4D33C-282E-46FF-B0B7-50DFA63CEA62}.Debug|x64.Build.0 = Debug|x64
		{BFF4D33C-282E-46FF-B0B7-50DFA63CEA62}.Debug|x86.ActiveCfg = Debug|Win32
		{BFF4D33C-282E-46FF-B0B7-50DFA63CEA62}.Debug|x86.Build.0 = Debug|Win32
		{BFF4D33C-282E-46FF-B0B7-50DFA63CEA62}.Release|x64.ActiveCfg = Release|x64
		{BFF4D33C-282E-46FF-B0B7-50DFA63CEA62}.Release|x64.Build.0 = Release|x64
		{BFF4D33C-282E-46FF-B0B7-50DFA63CEA62}.Release|x86.ActiveCfg = Release|Win32
		{BFF4D33C-282E-46FF-B0B7-50DFA63CEA62}.Release|x86.Build.0 = Release|Win32
	EndGlobalSection
	GlobalSection(SolutionProperties) = preSolution
		HideSolutionNode = FALSE
	EndGlobalSection
	GlobalSection(ExtensibilityGlobals) = postSolution
		SolutionGuid = {3DD34AC5-B31F-49A2-A14B-AE2199C0E69F}
	EndGlobalSection
EndGlobal
